
Microsoft Visual Studio Solution File, Format Version 12.00
# Visual Studio 15
VisualStudioVersion = 15.0.27428.2037
MinimumVisualStudioVersion = 10.0.40219.1
Project("{FAE04EC0-301F-11D3-BF4B-00C04F79EFBC}") = "CookingTimeConverter", "cookingtimeconverter\CookingTimeConverter.csproj", "{CB9590DD-A3FE-4474-9D71-291BF37390DA}"
EndProject
Global
	GlobalSection(SolutionConfigurationPlatforms) = preSolution
		Debug|Any CPU = Debug|Any CPU
		Release|Any CPU = Release|Any CPU
	EndGlobalSection
	GlobalSection(ProjectConfigurationPlatforms) = postSolution
		{CB9590DD-A3FE-4474-9D71-291BF37390DA}.Debug|Any CPU.ActiveCfg = Debug|Any CPU
		{CB9590DD-A3FE-4474-9D71-291BF37390DA}.Debug|Any CPU.Build.0 = Debug|Any CPU
		{CB9590DD-A3FE-4474-9D71-291BF37390DA}.Release|Any CPU.ActiveCfg = Release|Any CPU
		{CB9590DD-A3FE-4474-9D71-291BF37390DA}.Release|Any CPU.Build.0 = Release|Any CPU
	EndGlobalSection
	GlobalSection(SolutionProperties) = preSolution
		HideSolutionNode = FALSE
	EndGlobalSection
	GlobalSection(ExtensibilityGlobals) = postSolution
		SolutionGuid = {944F1691-60CB-4E1B-8225-3615E7C0C168}
	EndGlobalSection
EndGlobal
